
Microsoft Visual Studio Solution File, Format Version 12.00
# Visual Studio Version 17
VisualStudioVersion = 17.1.32210.238
MinimumVisualStudioVersion = 10.0.40219.1
Project("{FAE04EC0-301F-11D3-BF4B-00C04F79EFBC}") = "App", "App\App.csproj", "{E8F37645-2436-4D13-9453-623FABB0A1E2}"
EndProject
Project("{FAE04EC0-301F-11D3-BF4B-00C04F79EFBC}") = "Domain", "Domain\Domain.csproj", "{3B62C787-2E31-418C-B9D3-7C6657497C30}"
EndProject
Project("{FAE04EC0-301F-11D3-BF4B-00C04F79EFBC}") = "Tests", "Tests\Tests.csproj", "{690441FF-C977-40AC-9082-5BBC49ED0AB1}"
EndProject
Global
	GlobalSection(SolutionConfigurationPlatforms) = preSolution
		Debug|Any CPU = Debug|Any CPU
		Release|Any CPU = Release|Any CPU
	EndGlobalSection
	GlobalSection(ProjectConfigurationPlatforms) = postSolution
		{E8F37645-2436-4D13-9453-623FABB0A1E2}.Debug|Any CPU.ActiveCfg = Debug|Any CPU
		{E8F37645-2436-4D13-9453-623FABB0A1E2}.Debug|Any CPU.Build.0 = Debug|Any CPU
		{E8F37645-2436-4D13-9453-623FABB0A1E2}.Release|Any CPU.ActiveCfg = Release|Any CPU
		{E8F37645-2436-4D13-9453-623FABB0A1E2}.Release|Any CPU.Build.0 = Release|Any CPU
		{3B62C787-2E31-418C-B9D3-7C6657497C30}.Debug|Any CPU.ActiveCfg = Debug|Any CPU
		{3B62C787-2E31-418C-B9D3-7C6657497C30}.Debug|Any CPU.Build.0 = Debug|Any CPU
		{3B62C787-2E31-418C-B9D3-7C6657497C30}.Release|Any CPU.ActiveCfg = Release|Any CPU
		{3B62C787-2E31-418C-B9D3-7C6657497C30}.Release|Any CPU.Build.0 = Release|Any CPU
		{690441FF-C977-40AC-9082-5BBC49ED0AB1}.Debug|Any CPU.ActiveCfg = Debug|Any CPU
		{690441FF-C977-40AC-9082-5BBC49ED0AB1}.Debug|Any CPU.Build.0 = Debug|Any CPU
		{690441FF-C977-40AC-9082-5BBC49ED0AB1}.Release|Any CPU.ActiveCfg = Release|Any CPU
		{690441FF-C977-40AC-9082-5BBC49ED0AB1}.Release|Any CPU.Build.0 = Release|Any CPU
	EndGlobalSection
	GlobalSection(SolutionProperties) = preSolution
		HideSolutionNode = FALSE
	EndGlobalSection
	GlobalSection(ExtensibilityGlobals) = postSolution
		SolutionGuid = {5ABF5B15-280C-4C40-AAF0-01CD8ACF1FBC}
	EndGlobalSection
EndGlobal
